<Solution>
  <Project Path="D:/Project/Desktop-ChatApp-Client/HappyChat.Application/HappyChat.Application.csproj" Id="81a8b9e0-a0de-4af0-bda8-6aa65047cbc5" />
  <Project Path="D:/Project/Desktop-ChatApp-Client/HappyChat.Core/HappyChat.Core.csproj" Id="6f30d37a-ca92-4ed3-9a69-f48395eecf2a" />
  <Project Path="D:/Project/Desktop-ChatApp-Client/HappyChat.Desktop/HappyChat.Desktop.csproj" />
  <Project Path="D:/Project/Desktop-ChatApp-Client/HappyChat.Infrastructure/HappyChat.Infrastructure.csproj" Id="3c81b1b4-f222-46ff-a129-14823acb8d47" />
  <Project Path="D:/Project/Desktop-ChatApp-Client/HappyChat.Shared/HappyChat.Shared.csproj" Id="d1843e52-4fdf-49fa-8fca-4801becf7bec" />
</Solution>
